
Microsoft Visual Studio Solution File, Format Version 12.00
# Visual Studio Version 17
VisualStudioVersion = 17.0.31919.166
MinimumVisualStudioVersion = 10.0.40219.1
Project("{2150E333-8FDC-42A3-9474-1A3956D46DE8}") = "Solution Items", "Solution Items", "{0B6E7D2A-D37D-42F6-A96C-C3A4687EA13A}"
	ProjectSection(SolutionItems) = preProject
		.dockerignore = .dockerignore
		Directory.Build.props = Directory.Build.props
		Dockerfile = Dockerfile
		..\README.md = ..\README.md
	EndProjectSection
EndProject
Project("{9A19103F-16F7-4668-BE54-9A1E7A4F7556}") = "BulkRename", "BulkRename\BulkRename.csproj", "{92E7B662-F8C8-453B-A4E8-C5BFA09126BB}"
EndProject
Project("{FAE04EC0-301F-11D3-BF4B-00C04F79EFBC}") = "BulkRename.IntegrationTests", "BulkRename.IntegrationTests\BulkRename.IntegrationTests.csproj", "{0F3F86EB-1BA2-499A-B48D-39E1E3DE665E}"
EndProject
Global
	GlobalSection(SolutionConfigurationPlatforms) = preSolution
		Debug|Any CPU = Debug|Any CPU
		Release|Any CPU = Release|Any CPU
	EndGlobalSection
	GlobalSection(ProjectConfigurationPlatforms) = postSolution
		{92E7B662-F8C8-453B-A4E8-C5BFA09126BB}.Debug|Any CPU.ActiveCfg = Debug|Any CPU
		{92E7B662-F8C8-453B-A4E8-C5BFA09126BB}.Debug|Any CPU.Build.0 = Debug|Any CPU
		{92E7B662-F8C8-453B-A4E8-C5BFA09126BB}.Release|Any CPU.ActiveCfg = Release|Any CPU
		{92E7B662-F8C8-453B-A4E8-C5BFA09126BB}.Release|Any CPU.Build.0 = Release|Any CPU
		{0F3F86EB-1BA2-499A-B48D-39E1E3DE665E}.Debug|Any CPU.ActiveCfg = Debug|Any CPU
		{0F3F86EB-1BA2-499A-B48D-39E1E3DE665E}.Debug|Any CPU.Build.0 = Debug|Any CPU
		{0F3F86EB-1BA2-499A-B48D-39E1E3DE665E}.Release|Any CPU.ActiveCfg = Release|Any CPU
		{0F3F86EB-1BA2-499A-B48D-39E1E3DE665E}.Release|Any CPU.Build.0 = Release|Any CPU
	EndGlobalSection
	GlobalSection(SolutionProperties) = preSolution
		HideSolutionNode = FALSE
	EndGlobalSection
	GlobalSection(ExtensibilityGlobals) = postSolution
		SolutionGuid = {E4BAD450-4293-4327-825F-63EC09B51A99}
	EndGlobalSection
EndGlobal
